// !$*UTF8*$!
{
	archiveVersion = 1;
	classes = {
	};
	objectVersion = 77;
	objects = {

/* Begin PBXBuildFile section */
		432D002D2D964A4B00A04AF5 /* SnapKit in Frameworks */ = {isa = PBXBuildFile; productRef = 432D002C2D964A4B00A04AF5 /* SnapKit */; };
		432D00332D964A9700A04AF5 /* RxCocoa in Frameworks */ = {isa = PBXBuildFile; productRef = 432D00322D964A9700A04AF5 /* RxCocoa */; };
		432D00352D964A9700A04AF5 /* RxSwift in Frameworks */ = {isa = PBXBuildFile; productRef = 432D00342D964A9700A04AF5 /* RxSwift */; };
		432D00382D964AB200A04AF5 /* Differentiator in Frameworks */ = {isa = PBXBuildFile; productRef = 432D00372D964AB200A04AF5 /* Differentiator */; };
		432D003A2D964AB200A04AF5 /* RxDataSources in Frameworks */ = {isa = PBXBuildFile; productRef = 432D00392D964AB200A04AF5 /* RxDataSources */; };
		432D003D2D964AF500A04AF5 /* RealmSwift in Frameworks */ = {isa = PBXBuildFile; productRef = 432D003C2D964AF500A04AF5 /* RealmSwift */; };
		435201A62DA2E89800C10FF4 /* GNSwipeAnimation.framework in Frameworks */ = {isa = PBXBuildFile; fileRef = 435201A52DA2E89800C10FF4 /* GNSwipeAnimation.framework */; };
		435201A72DA2E89800C10FF4 /* GNSwipeAnimation.framework in Embed Frameworks */ = {isa = PBXBuildFile; fileRef = 435201A52DA2E89800C10FF4 /* GNSwipeAnimation.framework */; settings = {ATTRIBUTES = (CodeSignOnCopy, RemoveHeadersOnCopy, ); }; };
		4352F9632D9A88D600C10FF4 /* RealmSwift in Embed Frameworks */ = {isa = PBXBuildFile; productRef = 432D003C2D964AF500A04AF5 /* RealmSwift */; settings = {ATTRIBUTES = (CodeSignOnCopy, ); }; };
/* End PBXBuildFile section */

/* Begin PBXCopyFilesBuildPhase section */
		4352F9642D9A88D600C10FF4 /* Embed Frameworks */ = {
			isa = PBXCopyFilesBuildPhase;
			buildActionMask = 2147483647;
			dstPath = "";
			dstSubfolderSpec = 10;
			files = (
				4352F9632D9A88D600C10FF4 /* RealmSwift in Embed Frameworks */,
				435201A72DA2E89800C10FF4 /* GNSwipeAnimation.framework in Embed Frameworks */,
			);
			name = "Embed Frameworks";
			runOnlyForDeploymentPostprocessing = 0;
		};
/* End PBXCopyFilesBuildPhase section */

/* Begin PBXFileReference section */
		435201A52DA2E89800C10FF4 /* GNSwipeAnimation.framework */ = {isa = PBXFileReference; explicitFileType = wrapper.framework; path = GNSwipeAnimation.framework; sourceTree = BUILT_PRODUCTS_DIR; };
		43D12F322D944A4E001E2C93 /* GGNA.app */ = {isa = PBXFileReference; explicitFileType = wrapper.application; includeInIndex = 0; path = GGNA.app; sourceTree = BUILT_PRODUCTS_DIR; };
/* End PBXFileReference section */

/* Begin PBXFileSystemSynchronizedBuildFileExceptionSet section */
		43D12F442D944A50001E2C93 /* Exceptions for "GGNA" folder in "GGNA" target */ = {
			isa = PBXFileSystemSynchronizedBuildFileExceptionSet;
			membershipExceptions = (
				Resource/Info.plist,
			);
			target = 43D12F312D944A4E001E2C93 /* GGNA */;
		};
/* End PBXFileSystemSynchronizedBuildFileExceptionSet section */

/* Begin PBXFileSystemSynchronizedRootGroup section */
		43D12F342D944A4E001E2C93 /* GGNA */ = {
			isa = PBXFileSystemSynchronizedRootGroup;
			exceptions = (
				43D12F442D944A50001E2C93 /* Exceptions for "GGNA" folder in "GGNA" target */,
			);
			path = GGNA;
			sourceTree = "<group>";
		};
/* End PBXFileSystemSynchronizedRootGroup section */

/* Begin PBXFrameworksBuildPhase section */
		43D12F2F2D944A4E001E2C93 /* Frameworks */ = {
			isa = PBXFrameworksBuildPhase;
			buildActionMask = 2147483647;
			files = (
				432D00332D964A9700A04AF5 /* RxCocoa in Frameworks */,
				432D00382D964AB200A04AF5 /* Differentiator in Frameworks */,
				432D003D2D964AF500A04AF5 /* RealmSwift in Frameworks */,
				432D003A2D964AB200A04AF5 /* RxDataSources in Frameworks */,
				432D00352D964A9700A04AF5 /* RxSwift in Frameworks */,
				435201A62DA2E89800C10FF4 /* GNSwipeAnimation.framework in Frameworks */,
				432D002D2D964A4B00A04AF5 /* SnapKit in Frameworks */,
			);
			runOnlyForDeploymentPostprocessing = 0;
		};
/* End PBXFrameworksBuildPhase section */

/* Begin PBXGroup section */
		435201A42DA2E89800C10FF4 /* Frameworks */ = {
			isa = PBXGroup;
			children = (
				435201A52DA2E89800C10FF4 /* GNSwipeAnimation.framework */,
			);
			name = Frameworks;
			sourceTree = "<group>";
		};
		43D12F292D944A4E001E2C93 = {
			isa = PBXGroup;
			children = (
				43D12F342D944A4E001E2C93 /* GGNA */,
				435201A42DA2E89800C10FF4 /* Frameworks */,
				43D12F332D944A4E001E2C93 /* Products */,
			);
			sourceTree = "<group>";
		};
		43D12F332D944A4E001E2C93 /* Products */ = {
			isa = PBXGroup;
			children = (
				43D12F322D944A4E001E2C93 /* GGNA.app */,
			);
			name = Products;
			sourceTree = "<group>";
		};
/* End PBXGroup section */

/* Begin PBXNativeTarget section */
		43D12F312D944A4E001E2C93 /* GGNA */ = {
			isa = PBXNativeTarget;
			buildConfigurationList = 43D12F452D944A50001E2C93 /* Build configuration list for PBXNativeTarget "GGNA" */;
			buildPhases = (
				43D12F2E2D944A4E001E2C93 /* Sources */,
				43D12F2F2D944A4E001E2C93 /* Frameworks */,
				43D12F302D944A4E001E2C93 /* Resources */,
				4352F9642D9A88D600C10FF4 /* Embed Frameworks */,
			);
			buildRules = (
			);
			dependencies = (
			);
			fileSystemSynchronizedGroups = (
				43D12F342D944A4E001E2C93 /* GGNA */,
			);
			name = GGNA;
			packageProductDependencies = (
				432D002C2D964A4B00A04AF5 /* SnapKit */,
				432D00322D964A9700A04AF5 /* RxCocoa */,
				432D00342D964A9700A04AF5 /* RxSwift */,
				432D00372D964AB200A04AF5 /* Differentiator */,
				432D00392D964AB200A04AF5 /* RxDataSources */,
				432D003C2D964AF500A04AF5 /* RealmSwift */,
			);
			productName = GGNA;
			productReference = 43D12F322D944A4E001E2C93 /* GGNA.app */;
			productType = "com.apple.product-type.application";
		};
/* End PBXNativeTarget section */

/* Begin PBXProject section */
		43D12F2A2D944A4E001E2C93 /* Project object */ = {
			isa = PBXProject;
			attributes = {
				BuildIndependentTargetsInParallel = 1;
				LastSwiftUpdateCheck = 1620;
				LastUpgradeCheck = 1620;
				TargetAttributes = {
					43D12F312D944A4E001E2C93 = {
						CreatedOnToolsVersion = 16.2;
					};
				};
			};
			buildConfigurationList = 43D12F2D2D944A4E001E2C93 /* Build configuration list for PBXProject "GGNA" */;
			developmentRegion = en;
			hasScannedForEncodings = 0;
			knownRegions = (
				en,
				Base,
			);
			mainGroup = 43D12F292D944A4E001E2C93;
			minimizedProjectReferenceProxies = 1;
			packageReferences = (
				432D002B2D964A4B00A04AF5 /* XCRemoteSwiftPackageReference "SnapKit" */,
				432D00312D964A9700A04AF5 /* XCRemoteSwiftPackageReference "RxSwift" */,
				432D00362D964AB200A04AF5 /* XCRemoteSwiftPackageReference "RxDataSources" */,
				432D003B2D964AF500A04AF5 /* XCRemoteSwiftPackageReference "realm-swift" */,
			);
			preferredProjectObjectVersion = 77;
			productRefGroup = 43D12F332D944A4E001E2C93 /* Products */;
			projectDirPath = "";
			projectRoot = "";
			targets = (
				43D12F312D944A4E001E2C93 /* GGNA */,
			);
		};
/* End PBXProject section */

/* Begin PBXResourcesBuildPhase section */
		43D12F302D944A4E001E2C93 /* Resources */ = {
			isa = PBXResourcesBuildPhase;
			buildActionMask = 2147483647;
			files = (
			);
			runOnlyForDeploymentPostprocessing = 0;
		};
/* End PBXResourcesBuildPhase section */

/* Begin PBXSourcesBuildPhase section */
		43D12F2E2D944A4E001E2C93 /* Sources */ = {
			isa = PBXSourcesBuildPhase;
			buildActionMask = 2147483647;
			files = (
			);
			runOnlyForDeploymentPostprocessing = 0;
		};
/* End PBXSourcesBuildPhase section */

/* Begin XCBuildConfiguration section */
		43D12F462D944A50001E2C93 /* Debug */ = {
			isa = XCBuildConfiguration;
			buildSettings = {
				ASSETCATALOG_COMPILER_APPICON_NAME = AppIcon;
				ASSETCATALOG_COMPILER_GLOBAL_ACCENT_COLOR_NAME = AccentColor;
				CODE_SIGN_STYLE = Automatic;
				CURRENT_PROJECT_VERSION = 1.3.1;
				DEVELOPMENT_TEAM = 6CQ3CNQ79S;
				GENERATE_INFOPLIST_FILE = YES;
				INFOPLIST_FILE = GGNA/Resource/Info.plist;
				INFOPLIST_KEY_CFBundleDisplayName = "끄나";
				INFOPLIST_KEY_UIApplicationSupportsIndirectInputEvents = YES;
				INFOPLIST_KEY_UILaunchStoryboardName = LaunchScreen;
				INFOPLIST_KEY_UISupportedInterfaceOrientations = UIInterfaceOrientationPortrait;
				INFOPLIST_KEY_UISupportedInterfaceOrientations_iPad = UIInterfaceOrientationPortrait;
				INFOPLIST_KEY_UIUserInterfaceStyle = Automatic;
				IPHONEOS_DEPLOYMENT_TARGET = 15.0;
				LD_RUNPATH_SEARCH_PATHS = (
					"$(inherited)",
					"@executable_path/Frameworks",
				);
				MARKETING_VERSION = 1.3.1;
				PRODUCT_BUNDLE_IDENTIFIER = com.Tynee.GGNA;
				PRODUCT_NAME = "$(TARGET_NAME)";
				SUPPORTED_PLATFORMS = "iphoneos iphonesimulator";
				SUPPORTS_MACCATALYST = NO;
				SUPPORTS_MAC_DESIGNED_FOR_IPHONE_IPAD = NO;
				SUPPORTS_XR_DESIGNED_FOR_IPHONE_IPAD = NO;
				SWIFT_EMIT_LOC_STRINGS = YES;
				SWIFT_VERSION = 5.0;
				TARGETED_DEVICE_FAMILY = 1;
			};
			name = Debug;
		};
		43D12F472D944A50001E2C93 /* Release */ = {
			isa = XCBuildConfiguration;
			buildSettings = {
				ASSETCATALOG_COMPILER_APPICON_NAME = AppIcon;
				ASSETCATALOG_COMPILER_GLOBAL_ACCENT_COLOR_NAME = AccentColor;
				CODE_SIGN_STYLE = Automatic;
				CURRENT_PROJECT_VERSION = 1.3.1;
				DEVELOPMENT_TEAM = 6CQ3CNQ79S;
				GENERATE_INFOPLIST_FILE = YES;
				INFOPLIST_FILE = GGNA/Resource/Info.plist;
				INFOPLIST_KEY_CFBundleDisplayName = "끄나";
				INFOPLIST_KEY_UIApplicationSupportsIndirectInputEvents = YES;
				INFOPLIST_KEY_UILaunchStoryboardName = LaunchScreen;
				INFOPLIST_KEY_UISupportedInterfaceOrientations = UIInterfaceOrientationPortrait;
				INFOPLIST_KEY_UISupportedInterfaceOrientations_iPad = UIInterfaceOrientationPortrait;
				INFOPLIST_KEY_UIUserInterfaceStyle = Automatic;
				IPHONEOS_DEPLOYMENT_TARGET = 15.0;
				LD_RUNPATH_SEARCH_PATHS = (
					"$(inherited)",
					"@executable_path/Frameworks",
				);
				MARKETING_VERSION = 1.3.1;
				PRODUCT_BUNDLE_IDENTIFIER = com.Tynee.GGNA;
				PRODUCT_NAME = "$(TARGET_NAME)";
				SUPPORTED_PLATFORMS = "iphoneos iphonesimulator";
				SUPPORTS_MACCATALYST = NO;
				SUPPORTS_MAC_DESIGNED_FOR_IPHONE_IPAD = NO;
				SUPPORTS_XR_DESIGNED_FOR_IPHONE_IPAD = NO;
				SWIFT_EMIT_LOC_STRINGS = YES;
				SWIFT_VERSION = 5.0;
				TARGETED_DEVICE_FAMILY = 1;
			};
			name = Release;
		};
		43D12F482D944A50001E2C93 /* Debug */ = {
			isa = XCBuildConfiguration;
			buildSettings = {
				ALWAYS_SEARCH_USER_PATHS = NO;
				ASSETCATALOG_COMPILER_GENERATE_SWIFT_ASSET_SYMBOL_EXTENSIONS = YES;
				CLANG_ANALYZER_NONNULL = YES;
				CLANG_ANALYZER_NUMBER_OBJECT_CONVERSION = YES_AGGRESSIVE;
				CLANG_CXX_LANGUAGE_STANDARD = "gnu++20";
				CLANG_ENABLE_MODULES = YES;
				CLANG_ENABLE_OBJC_ARC = YES;
				CLANG_ENABLE_OBJC_WEAK = YES;
				CLANG_WARN_BLOCK_CAPTURE_AUTORELEASING = YES;
				CLANG_WARN_BOOL_CONVERSION = YES;
				CLANG_WARN_COMMA = YES;
				CLANG_WARN_CONSTANT_CONVERSION = YES;
				CLANG_WARN_DEPRECATED_OBJC_IMPLEMENTATIONS = YES;
				CLANG_WARN_DIRECT_OBJC_ISA_USAGE = YES_ERROR;
				CLANG_WARN_DOCUMENTATION_COMMENTS = YES;
				CLANG_WARN_EMPTY_BODY = YES;
				CLANG_WARN_ENUM_CONVERSION = YES;
				CLANG_WARN_INFINITE_RECURSION = YES;
				CLANG_WARN_INT_CONVERSION = YES;
				CLANG_WARN_NON_LITERAL_NULL_CONVERSION = YES;
				CLANG_WARN_OBJC_IMPLICIT_RETAIN_SELF = YES;
				CLANG_WARN_OBJC_LITERAL_CONVERSION = YES;
				CLANG_WARN_OBJC_ROOT_CLASS = YES_ERROR;
				CLANG_WARN_QUOTED_INCLUDE_IN_FRAMEWORK_HEADER = YES;
				CLANG_WARN_RANGE_LOOP_ANALYSIS = YES;
				CLANG_WARN_STRICT_PROTOTYPES = YES;
				CLANG_WARN_SUSPICIOUS_MOVE = YES;
				CLANG_WARN_UNGUARDED_AVAILABILITY = YES_AGGRESSIVE;
				CLANG_WARN_UNREACHABLE_CODE = YES;
				CLANG_WARN__DUPLICATE_METHOD_MATCH = YES;
				COPY_PHASE_STRIP = NO;
				DEBUG_INFORMATION_FORMAT = dwarf;
				ENABLE_STRICT_OBJC_MSGSEND = YES;
				ENABLE_TESTABILITY = YES;
				ENABLE_USER_SCRIPT_SANDBOXING = YES;
				GCC_C_LANGUAGE_STANDARD = gnu17;
				GCC_DYNAMIC_NO_PIC = NO;
				GCC_NO_COMMON_BLOCKS = YES;
				GCC_OPTIMIZATION_LEVEL = 0;
				GCC_PREPROCESSOR_DEFINITIONS = (
					"DEBUG=1",
					"$(inherited)",
				);
				GCC_WARN_64_TO_32_BIT_CONVERSION = YES;
				GCC_WARN_ABOUT_RETURN_TYPE = YES_ERROR;
				GCC_WARN_UNDECLARED_SELECTOR = YES;
				GCC_WARN_UNINITIALIZED_AUTOS = YES_AGGRESSIVE;
				GCC_WARN_UNUSED_FUNCTION = YES;
				GCC_WARN_UNUSED_VARIABLE = YES;
				IPHONEOS_DEPLOYMENT_TARGET = 18.2;
				LOCALIZATION_PREFERS_STRING_CATALOGS = YES;
				MTL_ENABLE_DEBUG_INFO = INCLUDE_SOURCE;
				MTL_FAST_MATH = YES;
				ONLY_ACTIVE_ARCH = YES;
				SDKROOT = iphoneos;
				SWIFT_ACTIVE_COMPILATION_CONDITIONS = "DEBUG $(inherited)";
				SWIFT_OPTIMIZATION_LEVEL = "-Onone";
			};
			name = Debug;
		};
		43D12F492D944A50001E2C93 /* Release */ = {
			isa = XCBuildConfiguration;
			buildSettings = {
				ALWAYS_SEARCH_USER_PATHS = NO;
				ASSETCATALOG_COMPILER_GENERATE_SWIFT_ASSET_SYMBOL_EXTENSIONS = YES;
				CLANG_ANALYZER_NONNULL = YES;
				CLANG_ANALYZER_NUMBER_OBJECT_CONVERSION = YES_AGGRESSIVE;
				CLANG_CXX_LANGUAGE_STANDARD = "gnu++20";
				CLANG_ENABLE_MODULES = YES;
				CLANG_ENABLE_OBJC_ARC = YES;
				CLANG_ENABLE_OBJC_WEAK = YES;
				CLANG_WARN_BLOCK_CAPTURE_AUTORELEASING = YES;
				CLANG_WARN_BOOL_CONVERSION = YES;
				CLANG_WARN_COMMA = YES;
				CLANG_WARN_CONSTANT_CONVERSION = YES;
				CLANG_WARN_DEPRECATED_OBJC_IMPLEMENTATIONS = YES;
				CLANG_WARN_DIRECT_OBJC_ISA_USAGE = YES_ERROR;
				CLANG_WARN_DOCUMENTATION_COMMENTS = YES;
				CLANG_WARN_EMPTY_BODY = YES;
				CLANG_WARN_ENUM_CONVERSION = YES;
				CLANG_WARN_INFINITE_RECURSION = YES;
				CLANG_WARN_INT_CONVERSION = YES;
				CLANG_WARN_NON_LITERAL_NULL_CONVERSION = YES;
				CLANG_WARN_OBJC_IMPLICIT_RETAIN_SELF = YES;
				CLANG_WARN_OBJC_LITERAL_CONVERSION = YES;
				CLANG_WARN_OBJC_ROOT_CLASS = YES_ERROR;
				CLANG_WARN_QUOTED_INCLUDE_IN_FRAMEWORK_HEADER = YES;
				CLANG_WARN_RANGE_LOOP_ANALYSIS = YES;
				CLANG_WARN_STRICT_PROTOTYPES = YES;
				CLANG_WARN_SUSPICIOUS_MOVE = YES;
				CLANG_WARN_UNGUARDED_AVAILABILITY = YES_AGGRESSIVE;
				CLANG_WARN_UNREACHABLE_CODE = YES;
				CLANG_WARN__DUPLICATE_METHOD_MATCH = YES;
				COPY_PHASE_STRIP = NO;
				DEBUG_INFORMATION_FORMAT = "dwarf-with-dsym";
				ENABLE_NS_ASSERTIONS = NO;
				ENABLE_STRICT_OBJC_MSGSEND = YES;
				ENABLE_USER_SCRIPT_SANDBOXING = YES;
				GCC_C_LANGUAGE_STANDARD = gnu17;
				GCC_NO_COMMON_BLOCKS = YES;
				GCC_WARN_64_TO_32_BIT_CONVERSION = YES;
				GCC_WARN_ABOUT_RETURN_TYPE = YES_ERROR;
				GCC_WARN_UNDECLARED_SELECTOR = YES;
				GCC_WARN_UNINITIALIZED_AUTOS = YES_AGGRESSIVE;
				GCC_WARN_UNUSED_FUNCTION = YES;
				GCC_WARN_UNUSED_VARIABLE = YES;
				IPHONEOS_DEPLOYMENT_TARGET = 18.2;
				LOCALIZATION_PREFERS_STRING_CATALOGS = YES;
				MTL_ENABLE_DEBUG_INFO = NO;
				MTL_FAST_MATH = YES;
				SDKROOT = iphoneos;
				SWIFT_COMPILATION_MODE = wholemodule;
				VALIDATE_PRODUCT = YES;
			};
			name = Release;
		};
/* End XCBuildConfiguration section */

/* Begin XCConfigurationList section */
		43D12F2D2D944A4E001E2C93 /* Build configuration list for PBXProject "GGNA" */ = {
			isa = XCConfigurationList;
			buildConfigurations = (
				43D12F482D944A50001E2C93 /* Debug */,
				43D12F492D944A50001E2C93 /* Release */,
			);
			defaultConfigurationIsVisible = 0;
			defaultConfigurationName = Release;
		};
		43D12F452D944A50001E2C93 /* Build configuration list for PBXNativeTarget "GGNA" */ = {
			isa = XCConfigurationList;
			buildConfigurations = (
				43D12F462D944A50001E2C93 /* Debug */,
				43D12F472D944A50001E2C93 /* Release */,
			);
			defaultConfigurationIsVisible = 0;
			defaultConfigurationName = Release;
		};
/* End XCConfigurationList section */

/* Begin XCRemoteSwiftPackageReference section */
		432D002B2D964A4B00A04AF5 /* XCRemoteSwiftPackageReference "SnapKit" */ = {
			isa = XCRemoteSwiftPackageReference;
			repositoryURL = "https://github.com/SnapKit/SnapKit";
			requirement = {
				kind = upToNextMajorVersion;
				minimumVersion = 5.7.1;
			};
		};
		432D00312D964A9700A04AF5 /* XCRemoteSwiftPackageReference "RxSwift" */ = {
			isa = XCRemoteSwiftPackageReference;
			repositoryURL = "https://github.com/ReactiveX/RxSwift";
			requirement = {
				kind = upToNextMajorVersion;
				minimumVersion = 6.9.0;
			};
		};
		432D00362D964AB200A04AF5 /* XCRemoteSwiftPackageReference "RxDataSources" */ = {
			isa = XCRemoteSwiftPackageReference;
			repositoryURL = "https://github.com/RxSwiftCommunity/RxDataSources.git";
			requirement = {
				kind = upToNextMajorVersion;
				minimumVersion = 5.0.2;
			};
		};
		432D003B2D964AF500A04AF5 /* XCRemoteSwiftPackageReference "realm-swift" */ = {
			isa = XCRemoteSwiftPackageReference;
			repositoryURL = "https://github.com/realm/realm-swift.git";
			requirement = {
				kind = exactVersion;
				version = 20.0.1;
			};
		};
/* End XCRemoteSwiftPackageReference section */

/* Begin XCSwiftPackageProductDependency section */
		432D002C2D964A4B00A04AF5 /* SnapKit */ = {
			isa = XCSwiftPackageProductDependency;
			package = 432D002B2D964A4B00A04AF5 /* XCRemoteSwiftPackageReference "SnapKit" */;
			productName = SnapKit;
		};
		432D00322D964A9700A04AF5 /* RxCocoa */ = {
			isa = XCSwiftPackageProductDependency;
			package = 432D00312D964A9700A04AF5 /* XCRemoteSwiftPackageReference "RxSwift" */;
			productName = RxCocoa;
		};
		432D00342D964A9700A04AF5 /* RxSwift */ = {
			isa = XCSwiftPackageProductDependency;
			package = 432D00312D964A9700A04AF5 /* XCRemoteSwiftPackageReference "RxSwift" */;
			productName = RxSwift;
		};
		432D00372D964AB200A04AF5 /* Differentiator */ = {
			isa = XCSwiftPackageProductDependency;
			package = 432D00362D964AB200A04AF5 /* XCRemoteSwiftPackageReference "RxDataSources" */;
			productName = Differentiator;
		};
		432D00392D964AB200A04AF5 /* RxDataSources */ = {
			isa = XCSwiftPackageProductDependency;
			package = 432D00362D964AB200A04AF5 /* XCRemoteSwiftPackageReference "RxDataSources" */;
			productName = RxDataSources;
		};
		432D003C2D964AF500A04AF5 /* RealmSwift */ = {
			isa = XCSwiftPackageProductDependency;
			package = 432D003B2D964AF500A04AF5 /* XCRemoteSwiftPackageReference "realm-swift" */;
			productName = RealmSwift;
		};
/* End XCSwiftPackageProductDependency section */
	};
	rootObject = 43D12F2A2D944A4E001E2C93 /* Project object */;
}
