// !$*UTF8*$!
{
	archiveVersion = 1;
	classes = {
	};
	objectVersion = 77;
	objects = {

/* Begin PBXBuildFile section */
		43330BB12DB7971C0023D35B /* FirebaseAnalyticsWithoutAdIdSupport in Frameworks */ = {isa = PBXBuildFile; productRef = 43330BB02DB7971C0023D35B /* FirebaseAnalyticsWithoutAdIdSupport */; };
		43330BB32DB7971C0023D35B /* FirebaseCrashlytics in Frameworks */ = {isa = PBXBuildFile; productRef = 43330BB22DB7971C0023D35B /* FirebaseCrashlytics */; };
		43330BB52DB7971C0023D35B /* FirebaseMessaging in Frameworks */ = {isa = PBXBuildFile; productRef = 43330BB42DB7971C0023D35B /* FirebaseMessaging */; };
		43330BB82DB797440023D35B /* RxCocoa in Frameworks */ = {isa = PBXBuildFile; productRef = 43330BB72DB797440023D35B /* RxCocoa */; };
		43330BBA2DB797440023D35B /* RxSwift in Frameworks */ = {isa = PBXBuildFile; productRef = 43330BB92DB797440023D35B /* RxSwift */; };
		43330BBD2DB797570023D35B /* SnapKit in Frameworks */ = {isa = PBXBuildFile; productRef = 43330BBC2DB797570023D35B /* SnapKit */; };
		43330BC02DB797D30023D35B /* RealmSwift in Frameworks */ = {isa = PBXBuildFile; productRef = 43330BBF2DB797D30023D35B /* RealmSwift */; };
		43330BC22DB7B0A50023D35B /* RealmSwift in Embed Frameworks */ = {isa = PBXBuildFile; productRef = 43330BBF2DB797D30023D35B /* RealmSwift */; settings = {ATTRIBUTES = (CodeSignOnCopy, ); }; };
		435201A62DA2E89800C10FF4 /* GNSwipeAnimation.framework in Frameworks */ = {isa = PBXBuildFile; fileRef = 435201A52DA2E89800C10FF4 /* GNSwipeAnimation.framework */; };
		435201A72DA2E89800C10FF4 /* GNSwipeAnimation.framework in Embed Frameworks */ = {isa = PBXBuildFile; fileRef = 435201A52DA2E89800C10FF4 /* GNSwipeAnimation.framework */; settings = {ATTRIBUTES = (CodeSignOnCopy, RemoveHeadersOnCopy, ); }; };
		43B2A6862DB8D47500654147 /* WidgetKit.framework in Frameworks */ = {isa = PBXBuildFile; fileRef = 43B2A6852DB8D47500654147 /* WidgetKit.framework */; };
		43B2A6882DB8D47500654147 /* SwiftUI.framework in Frameworks */ = {isa = PBXBuildFile; fileRef = 43B2A6872DB8D47500654147 /* SwiftUI.framework */; };
		43B2A6952DB8D47700654147 /* GGNAWidgetExtension.appex in Embed Foundation Extensions */ = {isa = PBXBuildFile; fileRef = 43B2A6842DB8D47500654147 /* GGNAWidgetExtension.appex */; settings = {ATTRIBUTES = (RemoveHeadersOnCopy, ); }; };
		43D1B9222DB7886400ACE91B /* GoogleService-Info.plist in Resources */ = {isa = PBXBuildFile; fileRef = 43D1B9212DB7886400ACE91B /* GoogleService-Info.plist */; };
/* End PBXBuildFile section */

/* Begin PBXContainerItemProxy section */
		43B2A6932DB8D47700654147 /* PBXContainerItemProxy */ = {
			isa = PBXContainerItemProxy;
			containerPortal = 43D12F2A2D944A4E001E2C93 /* Project object */;
			proxyType = 1;
			remoteGlobalIDString = 43B2A6832DB8D47500654147;
			remoteInfo = GGNAWidgetExtension;
		};
/* End PBXContainerItemProxy section */

/* Begin PBXCopyFilesBuildPhase section */
		4352F9642D9A88D600C10FF4 /* Embed Frameworks */ = {
			isa = PBXCopyFilesBuildPhase;
			buildActionMask = 2147483647;
			dstPath = "";
			dstSubfolderSpec = 10;
			files = (
				43330BC22DB7B0A50023D35B /* RealmSwift in Embed Frameworks */,
				435201A72DA2E89800C10FF4 /* GNSwipeAnimation.framework in Embed Frameworks */,
			);
			name = "Embed Frameworks";
			runOnlyForDeploymentPostprocessing = 0;
		};
		43B2A6962DB8D47700654147 /* Embed Foundation Extensions */ = {
			isa = PBXCopyFilesBuildPhase;
			buildActionMask = 2147483647;
			dstPath = "";
			dstSubfolderSpec = 13;
			files = (
				43B2A6952DB8D47700654147 /* GGNAWidgetExtension.appex in Embed Foundation Extensions */,
			);
			name = "Embed Foundation Extensions";
			runOnlyForDeploymentPostprocessing = 0;
		};
/* End PBXCopyFilesBuildPhase section */

/* Begin PBXFileReference section */
		435201A52DA2E89800C10FF4 /* GNSwipeAnimation.framework */ = {isa = PBXFileReference; explicitFileType = wrapper.framework; path = GNSwipeAnimation.framework; sourceTree = BUILT_PRODUCTS_DIR; };
		43B2A6842DB8D47500654147 /* GGNAWidgetExtension.appex */ = {isa = PBXFileReference; explicitFileType = "wrapper.app-extension"; includeInIndex = 0; path = GGNAWidgetExtension.appex; sourceTree = BUILT_PRODUCTS_DIR; };
		43B2A6852DB8D47500654147 /* WidgetKit.framework */ = {isa = PBXFileReference; lastKnownFileType = wrapper.framework; name = WidgetKit.framework; path = System/Library/Frameworks/WidgetKit.framework; sourceTree = SDKROOT; };
		43B2A6872DB8D47500654147 /* SwiftUI.framework */ = {isa = PBXFileReference; lastKnownFileType = wrapper.framework; name = SwiftUI.framework; path = System/Library/Frameworks/SwiftUI.framework; sourceTree = SDKROOT; };
		43B2A69B2DB8D4C000654147 /* GGNAWidgetExtension.entitlements */ = {isa = PBXFileReference; lastKnownFileType = text.plist.entitlements; path = GGNAWidgetExtension.entitlements; sourceTree = "<group>"; };
		43D12F322D944A4E001E2C93 /* GGNA.app */ = {isa = PBXFileReference; explicitFileType = wrapper.application; includeInIndex = 0; path = GGNA.app; sourceTree = BUILT_PRODUCTS_DIR; };
		43D1B9212DB7886400ACE91B /* GoogleService-Info.plist */ = {isa = PBXFileReference; lastKnownFileType = text.plist.xml; path = "GoogleService-Info.plist"; sourceTree = "<group>"; };
/* End PBXFileReference section */

/* Begin PBXFileSystemSynchronizedBuildFileExceptionSet section */
		43B2A69A2DB8D47700654147 /* Exceptions for "GGNAWidget" folder in "GGNAWidgetExtension" target */ = {
			isa = PBXFileSystemSynchronizedBuildFileExceptionSet;
			membershipExceptions = (
				Info.plist,
			);
			target = 43B2A6832DB8D47500654147 /* GGNAWidgetExtension */;
		};
		43B2A69F2DB8E07C00654147 /* Exceptions for "GGNAWidget" folder in "GGNA" target */ = {
			isa = PBXFileSystemSynchronizedBuildFileExceptionSet;
			membershipExceptions = (
				Source/Enum/WidgetInfo.swift,
			);
			target = 43D12F312D944A4E001E2C93 /* GGNA */;
		};
		43B2A6CD2DB953FC00654147 /* Exceptions for "GGNA" folder in "GGNAWidgetExtension" target */ = {
			isa = PBXFileSystemSynchronizedBuildFileExceptionSet;
			membershipExceptions = (
				Resource/AppGroupShare/ShareWithWidget.swift,
				"Resource/AppGroupShare/UserDefaults+.swift",
				Resource/Enum/Filter.swift,
			);
			target = 43B2A6832DB8D47500654147 /* GGNAWidgetExtension */;
		};
		43D12F442D944A50001E2C93 /* Exceptions for "GGNA" folder in "GGNA" target */ = {
			isa = PBXFileSystemSynchronizedBuildFileExceptionSet;
			membershipExceptions = (
				Resource/Info.plist,
			);
			target = 43D12F312D944A4E001E2C93 /* GGNA */;
		};
/* End PBXFileSystemSynchronizedBuildFileExceptionSet section */

/* Begin PBXFileSystemSynchronizedRootGroup section */
		43B2A6892DB8D47500654147 /* GGNAWidget */ = {
			isa = PBXFileSystemSynchronizedRootGroup;
			exceptions = (
				43B2A69F2DB8E07C00654147 /* Exceptions for "GGNAWidget" folder in "GGNA" target */,
				43B2A69A2DB8D47700654147 /* Exceptions for "GGNAWidget" folder in "GGNAWidgetExtension" target */,
			);
			path = GGNAWidget;
			sourceTree = "<group>";
		};
		43D12F342D944A4E001E2C93 /* GGNA */ = {
			isa = PBXFileSystemSynchronizedRootGroup;
			exceptions = (
				43D12F442D944A50001E2C93 /* Exceptions for "GGNA" folder in "GGNA" target */,
				43B2A6CD2DB953FC00654147 /* Exceptions for "GGNA" folder in "GGNAWidgetExtension" target */,
			);
			path = GGNA;
			sourceTree = "<group>";
		};
/* End PBXFileSystemSynchronizedRootGroup section */

/* Begin PBXFrameworksBuildPhase section */
		43B2A6812DB8D47500654147 /* Frameworks */ = {
			isa = PBXFrameworksBuildPhase;
			buildActionMask = 2147483647;
			files = (
				43B2A6882DB8D47500654147 /* SwiftUI.framework in Frameworks */,
				43B2A6862DB8D47500654147 /* WidgetKit.framework in Frameworks */,
			);
			runOnlyForDeploymentPostprocessing = 0;
		};
		43D12F2F2D944A4E001E2C93 /* Frameworks */ = {
			isa = PBXFrameworksBuildPhase;
			buildActionMask = 2147483647;
			files = (
				43330BC02DB797D30023D35B /* RealmSwift in Frameworks */,
				43330BBA2DB797440023D35B /* RxSwift in Frameworks */,
				43330BB52DB7971C0023D35B /* FirebaseMessaging in Frameworks */,
				43330BB32DB7971C0023D35B /* FirebaseCrashlytics in Frameworks */,
				43330BBD2DB797570023D35B /* SnapKit in Frameworks */,
				43330BB82DB797440023D35B /* RxCocoa in Frameworks */,
				435201A62DA2E89800C10FF4 /* GNSwipeAnimation.framework in Frameworks */,
				43330BB12DB7971C0023D35B /* FirebaseAnalyticsWithoutAdIdSupport in Frameworks */,
			);
			runOnlyForDeploymentPostprocessing = 0;
		};
/* End PBXFrameworksBuildPhase section */

/* Begin PBXGroup section */
		435201A42DA2E89800C10FF4 /* Frameworks */ = {
			isa = PBXGroup;
			children = (
				435201A52DA2E89800C10FF4 /* GNSwipeAnimation.framework */,
				43B2A6852DB8D47500654147 /* WidgetKit.framework */,
				43B2A6872DB8D47500654147 /* SwiftUI.framework */,
			);
			name = Frameworks;
			sourceTree = "<group>";
		};
		43D12F292D944A4E001E2C93 = {
			isa = PBXGroup;
			children = (
				43B2A69B2DB8D4C000654147 /* GGNAWidgetExtension.entitlements */,
				43D12F342D944A4E001E2C93 /* GGNA */,
				43B2A6892DB8D47500654147 /* GGNAWidget */,
				435201A42DA2E89800C10FF4 /* Frameworks */,
				43D12F332D944A4E001E2C93 /* Products */,
				43D1B9212DB7886400ACE91B /* GoogleService-Info.plist */,
			);
			sourceTree = "<group>";
		};
		43D12F332D944A4E001E2C93 /* Products */ = {
			isa = PBXGroup;
			children = (
				43D12F322D944A4E001E2C93 /* GGNA.app */,
				43B2A6842DB8D47500654147 /* GGNAWidgetExtension.appex */,
			);
			name = Products;
			sourceTree = "<group>";
		};
/* End PBXGroup section */

/* Begin PBXNativeTarget section */
		43B2A6832DB8D47500654147 /* GGNAWidgetExtension */ = {
			isa = PBXNativeTarget;
			buildConfigurationList = 43B2A6992DB8D47700654147 /* Build configuration list for PBXNativeTarget "GGNAWidgetExtension" */;
			buildPhases = (
				43B2A6802DB8D47500654147 /* Sources */,
				43B2A6812DB8D47500654147 /* Frameworks */,
				43B2A6822DB8D47500654147 /* Resources */,
			);
			buildRules = (
			);
			dependencies = (
			);
			fileSystemSynchronizedGroups = (
				43B2A6892DB8D47500654147 /* GGNAWidget */,
			);
			name = GGNAWidgetExtension;
			packageProductDependencies = (
			);
			productName = GGNAWidgetExtension;
			productReference = 43B2A6842DB8D47500654147 /* GGNAWidgetExtension.appex */;
			productType = "com.apple.product-type.app-extension";
		};
		43D12F312D944A4E001E2C93 /* GGNA */ = {
			isa = PBXNativeTarget;
			buildConfigurationList = 43D12F452D944A50001E2C93 /* Build configuration list for PBXNativeTarget "GGNA" */;
			buildPhases = (
				43D12F2E2D944A4E001E2C93 /* Sources */,
				43D12F2F2D944A4E001E2C93 /* Frameworks */,
				43D12F302D944A4E001E2C93 /* Resources */,
				4352F9642D9A88D600C10FF4 /* Embed Frameworks */,
				43B2A6962DB8D47700654147 /* Embed Foundation Extensions */,
				43330BC12DB7AC6D0023D35B /* Google Crashlytics(Run Script) */,
			);
			buildRules = (
			);
			dependencies = (
				43B2A6942DB8D47700654147 /* PBXTargetDependency */,
			);
			fileSystemSynchronizedGroups = (
				43D12F342D944A4E001E2C93 /* GGNA */,
			);
			name = GGNA;
			packageProductDependencies = (
				43330BB02DB7971C0023D35B /* FirebaseAnalyticsWithoutAdIdSupport */,
				43330BB22DB7971C0023D35B /* FirebaseCrashlytics */,
				43330BB42DB7971C0023D35B /* FirebaseMessaging */,
				43330BB72DB797440023D35B /* RxCocoa */,
				43330BB92DB797440023D35B /* RxSwift */,
				43330BBC2DB797570023D35B /* SnapKit */,
				43330BBF2DB797D30023D35B /* RealmSwift */,
			);
			productName = GGNA;
			productReference = 43D12F322D944A4E001E2C93 /* GGNA.app */;
			productType = "com.apple.product-type.application";
		};
/* End PBXNativeTarget section */

/* Begin PBXProject section */
		43D12F2A2D944A4E001E2C93 /* Project object */ = {
			isa = PBXProject;
			attributes = {
				BuildIndependentTargetsInParallel = 1;
				LastSwiftUpdateCheck = 1620;
				LastUpgradeCheck = 1620;
				TargetAttributes = {
					43B2A6832DB8D47500654147 = {
						CreatedOnToolsVersion = 16.2;
					};
					43D12F312D944A4E001E2C93 = {
						CreatedOnToolsVersion = 16.2;
					};
				};
			};
			buildConfigurationList = 43D12F2D2D944A4E001E2C93 /* Build configuration list for PBXProject "GGNA" */;
			developmentRegion = en;
			hasScannedForEncodings = 0;
			knownRegions = (
				en,
				Base,
				ko,
				ja,
			);
			mainGroup = 43D12F292D944A4E001E2C93;
			minimizedProjectReferenceProxies = 1;
			packageReferences = (
				43330BAF2DB7971C0023D35B /* XCRemoteSwiftPackageReference "firebase-ios-sdk" */,
				43330BB62DB797440023D35B /* XCRemoteSwiftPackageReference "RxSwift" */,
				43330BBB2DB797570023D35B /* XCRemoteSwiftPackageReference "SnapKit" */,
				43330BBE2DB797D30023D35B /* XCRemoteSwiftPackageReference "realm-swift" */,
			);
			preferredProjectObjectVersion = 77;
			productRefGroup = 43D12F332D944A4E001E2C93 /* Products */;
			projectDirPath = "";
			projectRoot = "";
			targets = (
				43D12F312D944A4E001E2C93 /* GGNA */,
				43B2A6832DB8D47500654147 /* GGNAWidgetExtension */,
			);
		};
/* End PBXProject section */

/* Begin PBXResourcesBuildPhase section */
		43B2A6822DB8D47500654147 /* Resources */ = {
			isa = PBXResourcesBuildPhase;
			buildActionMask = 2147483647;
			files = (
			);
			runOnlyForDeploymentPostprocessing = 0;
		};
		43D12F302D944A4E001E2C93 /* Resources */ = {
			isa = PBXResourcesBuildPhase;
			buildActionMask = 2147483647;
			files = (
				43D1B9222DB7886400ACE91B /* GoogleService-Info.plist in Resources */,
			);
			runOnlyForDeploymentPostprocessing = 0;
		};
/* End PBXResourcesBuildPhase section */

/* Begin PBXShellScriptBuildPhase section */
		43330BC12DB7AC6D0023D35B /* Google Crashlytics(Run Script) */ = {
			isa = PBXShellScriptBuildPhase;
			alwaysOutOfDate = 1;
			buildActionMask = 2147483647;
			files = (
			);
			inputFileListPaths = (
			);
			inputPaths = (
				"${DWARF_DSYM_FOLDER_PATH}/${DWARF_DSYM_FILE_NAME}/Contents/Resources/DWARF/${TARGET_NAME}",
				"$(SRCROOT)/$(BUILT_PRODUCTS_DIR)/$(INFOPLIST_PATH)",
			);
			name = "Google Crashlytics(Run Script)";
			outputFileListPaths = (
			);
			outputPaths = (
			);
			runOnlyForDeploymentPostprocessing = 0;
			shellPath = /bin/sh;
			shellScript = "# Type a script or drag a script file from your workspace to insert its path.\n\"${BUILD_DIR%/Build/*}/SourcePackages/checkouts/firebase-ios-sdk/Crashlytics/run\"\n";
		};
/* End PBXShellScriptBuildPhase section */

/* Begin PBXSourcesBuildPhase section */
		43B2A6802DB8D47500654147 /* Sources */ = {
			isa = PBXSourcesBuildPhase;
			buildActionMask = 2147483647;
			files = (
			);
			runOnlyForDeploymentPostprocessing = 0;
		};
		43D12F2E2D944A4E001E2C93 /* Sources */ = {
			isa = PBXSourcesBuildPhase;
			buildActionMask = 2147483647;
			files = (
			);
			runOnlyForDeploymentPostprocessing = 0;
		};
/* End PBXSourcesBuildPhase section */

/* Begin PBXTargetDependency section */
		43B2A6942DB8D47700654147 /* PBXTargetDependency */ = {
			isa = PBXTargetDependency;
			target = 43B2A6832DB8D47500654147 /* GGNAWidgetExtension */;
			targetProxy = 43B2A6932DB8D47700654147 /* PBXContainerItemProxy */;
		};
/* End PBXTargetDependency section */

/* Begin XCBuildConfiguration section */
		43B2A6972DB8D47700654147 /* Debug */ = {
			isa = XCBuildConfiguration;
			buildSettings = {
				ASSETCATALOG_COMPILER_GLOBAL_ACCENT_COLOR_NAME = AccentColor;
				ASSETCATALOG_COMPILER_WIDGET_BACKGROUND_COLOR_NAME = WidgetBackground;
				CODE_SIGN_ENTITLEMENTS = GGNAWidgetExtension.entitlements;
				CODE_SIGN_IDENTITY = "Apple Development";
				CODE_SIGN_STYLE = Automatic;
				CURRENT_PROJECT_VERSION = 1.4.4;
				DEBUG_INFORMATION_FORMAT = dwarf;
				DEVELOPMENT_TEAM = 6CQ3CNQ79S;
				GENERATE_INFOPLIST_FILE = YES;
				INFOPLIST_FILE = GGNAWidget/Info.plist;
				INFOPLIST_KEY_CFBundleDisplayName = GGNAWidget;
				INFOPLIST_KEY_NSHumanReadableCopyright = "";
				IPHONEOS_DEPLOYMENT_TARGET = 17.0;
				LD_RUNPATH_SEARCH_PATHS = (
					"$(inherited)",
					"@executable_path/Frameworks",
					"@executable_path/../../Frameworks",
				);
				MARKETING_VERSION = 1.4.4;
				PRODUCT_BUNDLE_IDENTIFIER = com.Tynee.GGNA.GGNAWidget;
				PRODUCT_NAME = "$(TARGET_NAME)";
				SKIP_INSTALL = YES;
				SUPPORTED_PLATFORMS = "iphoneos iphonesimulator";
				SUPPORTS_MACCATALYST = NO;
				SUPPORTS_MAC_DESIGNED_FOR_IPHONE_IPAD = NO;
				SUPPORTS_XR_DESIGNED_FOR_IPHONE_IPAD = NO;
				SWIFT_EMIT_LOC_STRINGS = YES;
				SWIFT_VERSION = 5.0;
				TARGETED_DEVICE_FAMILY = 1;
			};
			name = Debug;
		};
		43B2A6982DB8D47700654147 /* Release */ = {
			isa = XCBuildConfiguration;
			buildSettings = {
				ASSETCATALOG_COMPILER_GLOBAL_ACCENT_COLOR_NAME = AccentColor;
				ASSETCATALOG_COMPILER_WIDGET_BACKGROUND_COLOR_NAME = WidgetBackground;
				CODE_SIGN_ENTITLEMENTS = GGNAWidgetExtension.entitlements;
				CODE_SIGN_IDENTITY = "Apple Development";
				CODE_SIGN_STYLE = Automatic;
				CURRENT_PROJECT_VERSION = 1.4.4;
				DEVELOPMENT_TEAM = 6CQ3CNQ79S;
				GENERATE_INFOPLIST_FILE = YES;
				INFOPLIST_FILE = GGNAWidget/Info.plist;
				INFOPLIST_KEY_CFBundleDisplayName = GGNAWidget;
				INFOPLIST_KEY_NSHumanReadableCopyright = "";
				IPHONEOS_DEPLOYMENT_TARGET = 17.0;
				LD_RUNPATH_SEARCH_PATHS = (
					"$(inherited)",
					"@executable_path/Frameworks",
					"@executable_path/../../Frameworks",
				);
				MARKETING_VERSION = 1.4.4;
				PRODUCT_BUNDLE_IDENTIFIER = com.Tynee.GGNA.GGNAWidget;
				PRODUCT_NAME = "$(TARGET_NAME)";
				SKIP_INSTALL = YES;
				SUPPORTED_PLATFORMS = "iphoneos iphonesimulator";
				SUPPORTS_MACCATALYST = NO;
				SUPPORTS_MAC_DESIGNED_FOR_IPHONE_IPAD = NO;
				SUPPORTS_XR_DESIGNED_FOR_IPHONE_IPAD = NO;
				SWIFT_EMIT_LOC_STRINGS = YES;
				SWIFT_VERSION = 5.0;
				TARGETED_DEVICE_FAMILY = 1;
			};
			name = Release;
		};
		43D12F462D944A50001E2C93 /* Debug */ = {
			isa = XCBuildConfiguration;
			buildSettings = {
				ASSETCATALOG_COMPILER_APPICON_NAME = AppIcon;
				ASSETCATALOG_COMPILER_GLOBAL_ACCENT_COLOR_NAME = AccentColor;
				CODE_SIGN_ENTITLEMENTS = GGNA/GGNA.entitlements;
				CODE_SIGN_IDENTITY = "Apple Development";
				CODE_SIGN_STYLE = Automatic;
				CURRENT_PROJECT_VERSION = 1.4.4;
				DEVELOPMENT_TEAM = 6CQ3CNQ79S;
				ENABLE_USER_SCRIPT_SANDBOXING = NO;
				GENERATE_INFOPLIST_FILE = YES;
				INFOPLIST_FILE = GGNA/Resource/Info.plist;
				INFOPLIST_KEY_CFBundleDisplayName = "끄나";
				INFOPLIST_KEY_NSCameraUsageDescription = "끄나에 사용자의 추억을 기록하기 위한 사진 촬영을 위해 카메라에 접근이 필요합니다.";
				INFOPLIST_KEY_NSFaceIDUsageDescription = "끄나는 사용자가 설정해 놓은 잠긴 추억에 안전하게 엑세스 하기 위해 FaceID를 사용합니다.";
				INFOPLIST_KEY_NSPhotoLibraryUsageDescription = "사진을 선택하여 포토카드를 만들기 위해 접근이 필요합니다.";
				INFOPLIST_KEY_UIApplicationSupportsIndirectInputEvents = YES;
				INFOPLIST_KEY_UILaunchStoryboardName = LaunchScreen;
				INFOPLIST_KEY_UISupportedInterfaceOrientations = UIInterfaceOrientationPortrait;
				INFOPLIST_KEY_UISupportedInterfaceOrientations_iPad = UIInterfaceOrientationPortrait;
				INFOPLIST_KEY_UIUserInterfaceStyle = Automatic;
				IPHONEOS_DEPLOYMENT_TARGET = 15.0;
				LD_RUNPATH_SEARCH_PATHS = (
					"$(inherited)",
					"@executable_path/Frameworks",
				);
				MARKETING_VERSION = 1.4.4;
				PRODUCT_BUNDLE_IDENTIFIER = com.Tynee.GGNA;
				PRODUCT_NAME = "$(TARGET_NAME)";
				PROVISIONING_PROFILE_SPECIFIER = "";
				SUPPORTED_PLATFORMS = "iphoneos iphonesimulator";
				SUPPORTS_MACCATALYST = NO;
				SUPPORTS_MAC_DESIGNED_FOR_IPHONE_IPAD = NO;
				SUPPORTS_XR_DESIGNED_FOR_IPHONE_IPAD = NO;
				SWIFT_EMIT_LOC_STRINGS = YES;
				SWIFT_VERSION = 5.0;
				TARGETED_DEVICE_FAMILY = 1;
			};
			name = Debug;
		};
		43D12F472D944A50001E2C93 /* Release */ = {
			isa = XCBuildConfiguration;
			buildSettings = {
				ASSETCATALOG_COMPILER_APPICON_NAME = AppIcon;
				ASSETCATALOG_COMPILER_GLOBAL_ACCENT_COLOR_NAME = AccentColor;
				CODE_SIGN_ENTITLEMENTS = GGNA/GGNA.entitlements;
				CODE_SIGN_IDENTITY = "Apple Development";
				CODE_SIGN_STYLE = Automatic;
				CURRENT_PROJECT_VERSION = 1.4.4;
				DEVELOPMENT_TEAM = 6CQ3CNQ79S;
				ENABLE_USER_SCRIPT_SANDBOXING = NO;
				GENERATE_INFOPLIST_FILE = YES;
				INFOPLIST_FILE = GGNA/Resource/Info.plist;
				INFOPLIST_KEY_CFBundleDisplayName = "끄나";
				INFOPLIST_KEY_NSCameraUsageDescription = "끄나에 사용자의 추억을 기록하기 위한 사진 촬영을 위해 카메라에 접근이 필요합니다.";
				INFOPLIST_KEY_NSFaceIDUsageDescription = "끄나는 사용자가 설정해 놓은 잠긴 추억에 안전하게 엑세스 하기 위해 FaceID를 사용합니다.";
				INFOPLIST_KEY_NSPhotoLibraryUsageDescription = "사진을 선택하여 포토카드를 만들기 위해 접근이 필요합니다.";
				INFOPLIST_KEY_UIApplicationSupportsIndirectInputEvents = YES;
				INFOPLIST_KEY_UILaunchStoryboardName = LaunchScreen;
				INFOPLIST_KEY_UISupportedInterfaceOrientations = UIInterfaceOrientationPortrait;
				INFOPLIST_KEY_UISupportedInterfaceOrientations_iPad = UIInterfaceOrientationPortrait;
				INFOPLIST_KEY_UIUserInterfaceStyle = Automatic;
				IPHONEOS_DEPLOYMENT_TARGET = 15.0;
				LD_RUNPATH_SEARCH_PATHS = (
					"$(inherited)",
					"@executable_path/Frameworks",
				);
				MARKETING_VERSION = 1.4.4;
				PRODUCT_BUNDLE_IDENTIFIER = com.Tynee.GGNA;
				PRODUCT_NAME = "$(TARGET_NAME)";
				PROVISIONING_PROFILE_SPECIFIER = "";
				SUPPORTED_PLATFORMS = "iphoneos iphonesimulator";
				SUPPORTS_MACCATALYST = NO;
				SUPPORTS_MAC_DESIGNED_FOR_IPHONE_IPAD = NO;
				SUPPORTS_XR_DESIGNED_FOR_IPHONE_IPAD = NO;
				SWIFT_EMIT_LOC_STRINGS = YES;
				SWIFT_VERSION = 5.0;
				TARGETED_DEVICE_FAMILY = 1;
			};
			name = Release;
		};
		43D12F482D944A50001E2C93 /* Debug */ = {
			isa = XCBuildConfiguration;
			buildSettings = {
				ALWAYS_SEARCH_USER_PATHS = NO;
				ASSETCATALOG_COMPILER_GENERATE_SWIFT_ASSET_SYMBOL_EXTENSIONS = YES;
				CLANG_ANALYZER_LOCALIZABILITY_NONLOCALIZED = YES;
				CLANG_ANALYZER_NONNULL = YES;
				CLANG_ANALYZER_NUMBER_OBJECT_CONVERSION = YES_AGGRESSIVE;
				CLANG_CXX_LANGUAGE_STANDARD = "gnu++20";
				CLANG_ENABLE_MODULES = YES;
				CLANG_ENABLE_OBJC_ARC = YES;
				CLANG_ENABLE_OBJC_WEAK = YES;
				CLANG_WARN_BLOCK_CAPTURE_AUTORELEASING = YES;
				CLANG_WARN_BOOL_CONVERSION = YES;
				CLANG_WARN_COMMA = YES;
				CLANG_WARN_CONSTANT_CONVERSION = YES;
				CLANG_WARN_DEPRECATED_OBJC_IMPLEMENTATIONS = YES;
				CLANG_WARN_DIRECT_OBJC_ISA_USAGE = YES_ERROR;
				CLANG_WARN_DOCUMENTATION_COMMENTS = YES;
				CLANG_WARN_EMPTY_BODY = YES;
				CLANG_WARN_ENUM_CONVERSION = YES;
				CLANG_WARN_INFINITE_RECURSION = YES;
				CLANG_WARN_INT_CONVERSION = YES;
				CLANG_WARN_NON_LITERAL_NULL_CONVERSION = YES;
				CLANG_WARN_OBJC_IMPLICIT_RETAIN_SELF = YES;
				CLANG_WARN_OBJC_LITERAL_CONVERSION = YES;
				CLANG_WARN_OBJC_ROOT_CLASS = YES_ERROR;
				CLANG_WARN_QUOTED_INCLUDE_IN_FRAMEWORK_HEADER = YES;
				CLANG_WARN_RANGE_LOOP_ANALYSIS = YES;
				CLANG_WARN_STRICT_PROTOTYPES = YES;
				CLANG_WARN_SUSPICIOUS_MOVE = YES;
				CLANG_WARN_UNGUARDED_AVAILABILITY = YES_AGGRESSIVE;
				CLANG_WARN_UNREACHABLE_CODE = YES;
				CLANG_WARN__DUPLICATE_METHOD_MATCH = YES;
				CODE_SIGN_IDENTITY = "Apple Distribution: Wonsun Lee (6CQ3CNQ79S)";
				COPY_PHASE_STRIP = NO;
				DEBUG_INFORMATION_FORMAT = "dwarf-with-dsym";
				DEBUG_INFORMATION_VERSION = dwarf5;
				ENABLE_STRICT_OBJC_MSGSEND = YES;
				ENABLE_TESTABILITY = YES;
				ENABLE_USER_SCRIPT_SANDBOXING = YES;
				GCC_C_LANGUAGE_STANDARD = gnu17;
				GCC_DYNAMIC_NO_PIC = NO;
				GCC_NO_COMMON_BLOCKS = YES;
				GCC_OPTIMIZATION_LEVEL = 0;
				GCC_PREPROCESSOR_DEFINITIONS = (
					"DEBUG=1",
					"$(inherited)",
				);
				GCC_WARN_64_TO_32_BIT_CONVERSION = YES;
				GCC_WARN_ABOUT_RETURN_TYPE = YES_ERROR;
				GCC_WARN_UNDECLARED_SELECTOR = YES;
				GCC_WARN_UNINITIALIZED_AUTOS = YES_AGGRESSIVE;
				GCC_WARN_UNUSED_FUNCTION = YES;
				GCC_WARN_UNUSED_VARIABLE = YES;
				IPHONEOS_DEPLOYMENT_TARGET = 18.2;
				LOCALIZATION_PREFERS_STRING_CATALOGS = YES;
				MTL_ENABLE_DEBUG_INFO = INCLUDE_SOURCE;
				MTL_FAST_MATH = YES;
				ONLY_ACTIVE_ARCH = YES;
				SDKROOT = iphoneos;
				SWIFT_ACTIVE_COMPILATION_CONDITIONS = "DEBUG $(inherited)";
				SWIFT_OPTIMIZATION_LEVEL = "-Onone";
			};
			name = Debug;
		};
		43D12F492D944A50001E2C93 /* Release */ = {
			isa = XCBuildConfiguration;
			buildSettings = {
				ALWAYS_SEARCH_USER_PATHS = NO;
				ASSETCATALOG_COMPILER_GENERATE_SWIFT_ASSET_SYMBOL_EXTENSIONS = YES;
				CLANG_ANALYZER_LOCALIZABILITY_NONLOCALIZED = YES;
				CLANG_ANALYZER_NONNULL = YES;
				CLANG_ANALYZER_NUMBER_OBJECT_CONVERSION = YES_AGGRESSIVE;
				CLANG_CXX_LANGUAGE_STANDARD = "gnu++20";
				CLANG_ENABLE_MODULES = YES;
				CLANG_ENABLE_OBJC_ARC = YES;
				CLANG_ENABLE_OBJC_WEAK = YES;
				CLANG_WARN_BLOCK_CAPTURE_AUTORELEASING = YES;
				CLANG_WARN_BOOL_CONVERSION = YES;
				CLANG_WARN_COMMA = YES;
				CLANG_WARN_CONSTANT_CONVERSION = YES;
				CLANG_WARN_DEPRECATED_OBJC_IMPLEMENTATIONS = YES;
				CLANG_WARN_DIRECT_OBJC_ISA_USAGE = YES_ERROR;
				CLANG_WARN_DOCUMENTATION_COMMENTS = YES;
				CLANG_WARN_EMPTY_BODY = YES;
				CLANG_WARN_ENUM_CONVERSION = YES;
				CLANG_WARN_INFINITE_RECURSION = YES;
				CLANG_WARN_INT_CONVERSION = YES;
				CLANG_WARN_NON_LITERAL_NULL_CONVERSION = YES;
				CLANG_WARN_OBJC_IMPLICIT_RETAIN_SELF = YES;
				CLANG_WARN_OBJC_LITERAL_CONVERSION = YES;
				CLANG_WARN_OBJC_ROOT_CLASS = YES_ERROR;
				CLANG_WARN_QUOTED_INCLUDE_IN_FRAMEWORK_HEADER = YES;
				CLANG_WARN_RANGE_LOOP_ANALYSIS = YES;
				CLANG_WARN_STRICT_PROTOTYPES = YES;
				CLANG_WARN_SUSPICIOUS_MOVE = YES;
				CLANG_WARN_UNGUARDED_AVAILABILITY = YES_AGGRESSIVE;
				CLANG_WARN_UNREACHABLE_CODE = YES;
				CLANG_WARN__DUPLICATE_METHOD_MATCH = YES;
				CODE_SIGN_IDENTITY = "Apple Distribution: Wonsun Lee (6CQ3CNQ79S)";
				COPY_PHASE_STRIP = NO;
				DEBUG_INFORMATION_FORMAT = "dwarf-with-dsym";
				DEBUG_INFORMATION_VERSION = dwarf5;
				ENABLE_NS_ASSERTIONS = NO;
				ENABLE_STRICT_OBJC_MSGSEND = YES;
				ENABLE_USER_SCRIPT_SANDBOXING = YES;
				GCC_C_LANGUAGE_STANDARD = gnu17;
				GCC_NO_COMMON_BLOCKS = YES;
				GCC_WARN_64_TO_32_BIT_CONVERSION = YES;
				GCC_WARN_ABOUT_RETURN_TYPE = YES_ERROR;
				GCC_WARN_UNDECLARED_SELECTOR = YES;
				GCC_WARN_UNINITIALIZED_AUTOS = YES_AGGRESSIVE;
				GCC_WARN_UNUSED_FUNCTION = YES;
				GCC_WARN_UNUSED_VARIABLE = YES;
				IPHONEOS_DEPLOYMENT_TARGET = 18.2;
				LOCALIZATION_PREFERS_STRING_CATALOGS = YES;
				MTL_ENABLE_DEBUG_INFO = NO;
				MTL_FAST_MATH = YES;
				SDKROOT = iphoneos;
				SWIFT_COMPILATION_MODE = wholemodule;
				VALIDATE_PRODUCT = YES;
			};
			name = Release;
		};
/* End XCBuildConfiguration section */

/* Begin XCConfigurationList section */
		43B2A6992DB8D47700654147 /* Build configuration list for PBXNativeTarget "GGNAWidgetExtension" */ = {
			isa = XCConfigurationList;
			buildConfigurations = (
				43B2A6972DB8D47700654147 /* Debug */,
				43B2A6982DB8D47700654147 /* Release */,
			);
			defaultConfigurationIsVisible = 0;
			defaultConfigurationName = Release;
		};
		43D12F2D2D944A4E001E2C93 /* Build configuration list for PBXProject "GGNA" */ = {
			isa = XCConfigurationList;
			buildConfigurations = (
				43D12F482D944A50001E2C93 /* Debug */,
				43D12F492D944A50001E2C93 /* Release */,
			);
			defaultConfigurationIsVisible = 0;
			defaultConfigurationName = Release;
		};
		43D12F452D944A50001E2C93 /* Build configuration list for PBXNativeTarget "GGNA" */ = {
			isa = XCConfigurationList;
			buildConfigurations = (
				43D12F462D944A50001E2C93 /* Debug */,
				43D12F472D944A50001E2C93 /* Release */,
			);
			defaultConfigurationIsVisible = 0;
			defaultConfigurationName = Release;
		};
/* End XCConfigurationList section */

/* Begin XCRemoteSwiftPackageReference section */
		43330BAF2DB7971C0023D35B /* XCRemoteSwiftPackageReference "firebase-ios-sdk" */ = {
			isa = XCRemoteSwiftPackageReference;
			repositoryURL = "https://github.com/firebase/firebase-ios-sdk";
			requirement = {
				kind = upToNextMajorVersion;
				minimumVersion = 11.12.0;
			};
		};
		43330BB62DB797440023D35B /* XCRemoteSwiftPackageReference "RxSwift" */ = {
			isa = XCRemoteSwiftPackageReference;
			repositoryURL = "https://github.com/ReactiveX/RxSwift";
			requirement = {
				kind = upToNextMajorVersion;
				minimumVersion = 6.9.0;
			};
		};
		43330BBB2DB797570023D35B /* XCRemoteSwiftPackageReference "SnapKit" */ = {
			isa = XCRemoteSwiftPackageReference;
			repositoryURL = "https://github.com/SnapKit/SnapKit";
			requirement = {
				kind = upToNextMajorVersion;
				minimumVersion = 5.7.1;
			};
		};
		43330BBE2DB797D30023D35B /* XCRemoteSwiftPackageReference "realm-swift" */ = {
			isa = XCRemoteSwiftPackageReference;
			repositoryURL = "https://github.com/realm/realm-swift.git";
			requirement = {
				kind = exactVersion;
				version = 20.0.2;
			};
		};
/* End XCRemoteSwiftPackageReference section */

/* Begin XCSwiftPackageProductDependency section */
		43330BB02DB7971C0023D35B /* FirebaseAnalyticsWithoutAdIdSupport */ = {
			isa = XCSwiftPackageProductDependency;
			package = 43330BAF2DB7971C0023D35B /* XCRemoteSwiftPackageReference "firebase-ios-sdk" */;
			productName = FirebaseAnalyticsWithoutAdIdSupport;
		};
		43330BB22DB7971C0023D35B /* FirebaseCrashlytics */ = {
			isa = XCSwiftPackageProductDependency;
			package = 43330BAF2DB7971C0023D35B /* XCRemoteSwiftPackageReference "firebase-ios-sdk" */;
			productName = FirebaseCrashlytics;
		};
		43330BB42DB7971C0023D35B /* FirebaseMessaging */ = {
			isa = XCSwiftPackageProductDependency;
			package = 43330BAF2DB7971C0023D35B /* XCRemoteSwiftPackageReference "firebase-ios-sdk" */;
			productName = FirebaseMessaging;
		};
		43330BB72DB797440023D35B /* RxCocoa */ = {
			isa = XCSwiftPackageProductDependency;
			package = 43330BB62DB797440023D35B /* XCRemoteSwiftPackageReference "RxSwift" */;
			productName = RxCocoa;
		};
		43330BB92DB797440023D35B /* RxSwift */ = {
			isa = XCSwiftPackageProductDependency;
			package = 43330BB62DB797440023D35B /* XCRemoteSwiftPackageReference "RxSwift" */;
			productName = RxSwift;
		};
		43330BBC2DB797570023D35B /* SnapKit */ = {
			isa = XCSwiftPackageProductDependency;
			package = 43330BBB2DB797570023D35B /* XCRemoteSwiftPackageReference "SnapKit" */;
			productName = SnapKit;
		};
		43330BBF2DB797D30023D35B /* RealmSwift */ = {
			isa = XCSwiftPackageProductDependency;
			package = 43330BBE2DB797D30023D35B /* XCRemoteSwiftPackageReference "realm-swift" */;
			productName = RealmSwift;
		};
/* End XCSwiftPackageProductDependency section */
	};
	rootObject = 43D12F2A2D944A4E001E2C93 /* Project object */;
}
